
Microsoft Visual Studio Solution File, Format Version 12.00
# Visual Studio 14
VisualStudioVersion = 14.0.25420.1
MinimumVisualStudioVersion = 10.0.40219.1
Project("{2150E333-8FDC-42A3-9474-1A3956D46DE8}") = "Game", "Game", "{92C21309-1E57-4965-A8EC-C4BE868DA1B6}"
EndProject
Project("{8BC9CEB8-8B4A-11D0-8D11-00A0C91BC942}") = "MyGame", "Code\Game\MyGame\MyGame.vcxproj", "{FA0FB4E2-DCCE-484C-9206-653823C8F8DA}"
	ProjectSection(ProjectDependencies) = postProject
		{C073AA3C-C800-4495-9F92-C622FF2EA5E1} = {C073AA3C-C800-4495-9F92-C622FF2EA5E1}
	EndProjectSection
EndProject
Project("{2150E333-8FDC-42A3-9474-1A3956D46DE8}") = "Engine", "Engine", "{4A442E18-2366-468E-ABC3-35DFA10ED6AF}"
EndProject
Project("{8BC9CEB8-8B4A-11D0-8D11-00A0C91BC942}") = "Asserts", "Code\Engine\Asserts\Asserts.vcxproj", "{43657592-EB97-4A5E-A727-A9D4D9EC8E4D}"
EndProject
Project("{8BC9CEB8-8B4A-11D0-8D11-00A0C91BC942}") = "Windows", "Code\Engine\Windows\Windows.vcxproj", "{D56A49FB-C803-4D7E-A037-7BFEF69CB329}"
	ProjectSection(ProjectDependencies) = postProject
		{43657592-EB97-4A5E-A727-A9D4D9EC8E4D} = {43657592-EB97-4A5E-A727-A9D4D9EC8E4D}
	EndProjectSection
EndProject
Project("{8BC9CEB8-8B4A-11D0-8D11-00A0C91BC942}") = "Platform", "Code\Engine\Platform\Platform.vcxproj", "{48792CEB-F23F-4184-BB44-29A206D8CD05}"
	ProjectSection(ProjectDependencies) = postProject
		{D56A49FB-C803-4D7E-A037-7BFEF69CB329} = {D56A49FB-C803-4D7E-A037-7BFEF69CB329}
	EndProjectSection
EndProject
Project("{8BC9CEB8-8B4A-11D0-8D11-00A0C91BC942}") = "Application", "Code\Engine\Application\Application.vcxproj", "{C073AA3C-C800-4495-9F92-C622FF2EA5E1}"
	ProjectSection(ProjectDependencies) = postProject
		{373C4C11-DCAE-4CE4-A06B-1EC8F7EE41C7} = {373C4C11-DCAE-4CE4-A06B-1EC8F7EE41C7}
		{A5095433-A0C7-4205-AD5B-82A5C09DE805} = {A5095433-A0C7-4205-AD5B-82A5C09DE805}
		{5E640B5D-294A-4795-BE3F-58076BD28B7B} = {5E640B5D-294A-4795-BE3F-58076BD28B7B}
		{E9D5576F-C9BE-4A46-A25D-658FA2E99791} = {E9D5576F-C9BE-4A46-A25D-658FA2E99791}
		{43657592-EB97-4A5E-A727-A9D4D9EC8E4D} = {43657592-EB97-4A5E-A727-A9D4D9EC8E4D}
		{F9C71CA5-AE92-4EF9-A46F-35E3B662F6BC} = {F9C71CA5-AE92-4EF9-A46F-35E3B662F6BC}
		{865D6CD8-B399-4824-92BE-171BD9488873} = {865D6CD8-B399-4824-92BE-171BD9488873}
		{73516EE2-C331-4AD4-AF38-A51397C94E06} = {73516EE2-C331-4AD4-AF38-A51397C94E06}
		{D56A49FB-C803-4D7E-A037-7BFEF69CB329} = {D56A49FB-C803-4D7E-A037-7BFEF69CB329}
	EndProjectSection
EndProject
Project("{8BC9CEB8-8B4A-11D0-8D11-00A0C91BC942}") = "Logging", "Code\Engine\Logging\Logging.vcxproj", "{5E640B5D-294A-4795-BE3F-58076BD28B7B}"
	ProjectSection(ProjectDependencies) = postProject
		{43657592-EB97-4A5E-A727-A9D4D9EC8E4D} = {43657592-EB97-4A5E-A727-A9D4D9EC8E4D}
	EndProjectSection
EndProject
Project("{8BC9CEB8-8B4A-11D0-8D11-00A0C91BC942}") = "UserOutput", "Code\Engine\UserOutput\UserOutput.vcxproj", "{A5095433-A0C7-4205-AD5B-82A5C09DE805}"
	ProjectSection(ProjectDependencies) = postProject
		{43657592-EB97-4A5E-A727-A9D4D9EC8E4D} = {43657592-EB97-4A5E-A727-A9D4D9EC8E4D}
	EndProjectSection
EndProject
Project("{8BC9CEB8-8B4A-11D0-8D11-00A0C91BC942}") = "UserSettings", "Code\Engine\UserSettings\UserSettings.vcxproj", "{73516EE2-C331-4AD4-AF38-A51397C94E06}"
	ProjectSection(ProjectDependencies) = postProject
		{5E640B5D-294A-4795-BE3F-58076BD28B7B} = {5E640B5D-294A-4795-BE3F-58076BD28B7B}
		{43657592-EB97-4A5E-A727-A9D4D9EC8E4D} = {43657592-EB97-4A5E-A727-A9D4D9EC8E4D}
		{15BD7CA1-A3A3-433D-A36E-12DE598B8194} = {15BD7CA1-A3A3-433D-A36E-12DE598B8194}
		{48792CEB-F23F-4184-BB44-29A206D8CD05} = {48792CEB-F23F-4184-BB44-29A206D8CD05}
	EndProjectSection
EndProject
Project("{2150E333-8FDC-42A3-9474-1A3956D46DE8}") = "Tools", "Tools", "{2158CF78-B9A0-4AA8-9501-CA7ED75D0673}"
EndProject
Project("{8BC9CEB8-8B4A-11D0-8D11-00A0C91BC942}") = "AssetBuildSystem", "Code\Tools\AssetBuildSystem\AssetBuildSystem.vcxproj", "{12CA8666-2127-476E-B536-CB51F8BB6FCE}"
	ProjectSection(ProjectDependencies) = postProject
		{40789A6F-3BFC-454D-B73D-9C5DEBB37D24} = {40789A6F-3BFC-454D-B73D-9C5DEBB37D24}
		{43657592-EB97-4A5E-A727-A9D4D9EC8E4D} = {43657592-EB97-4A5E-A727-A9D4D9EC8E4D}
		{15BD7CA1-A3A3-433D-A36E-12DE598B8194} = {15BD7CA1-A3A3-433D-A36E-12DE598B8194}
		{48792CEB-F23F-4184-BB44-29A206D8CD05} = {48792CEB-F23F-4184-BB44-29A206D8CD05}
	EndProjectSection
EndProject
Project("{8BC9CEB8-8B4A-11D0-8D11-00A0C91BC942}") = "AssetBuildLibrary", "Code\Tools\AssetBuildLibrary\AssetBuildLibrary.vcxproj", "{40789A6F-3BFC-454D-B73D-9C5DEBB37D24}"
	ProjectSection(ProjectDependencies) = postProject
		{15BD7CA1-A3A3-433D-A36E-12DE598B8194} = {15BD7CA1-A3A3-433D-A36E-12DE598B8194}
		{48792CEB-F23F-4184-BB44-29A206D8CD05} = {48792CEB-F23F-4184-BB44-29A206D8CD05}
	EndProjectSection
EndProject
Project("{8BC9CEB8-8B4A-11D0-8D11-00A0C91BC942}") = "BuildAllAssets", "Code\Game\BuildAllAssets\BuildAllAssets.vcxproj", "{86E46A3C-608F-4DB3-B77B-B70A57B6A2E8}"
	ProjectSection(ProjectDependencies) = postProject
		{C444E93F-0077-44D7-8490-F442C397EB82} = {C444E93F-0077-44D7-8490-F442C397EB82}
		{12CA8666-2127-476E-B536-CB51F8BB6FCE} = {12CA8666-2127-476E-B536-CB51F8BB6FCE}
		{9314206B-96F9-46EC-AB30-26604D4FD3AC} = {9314206B-96F9-46EC-AB30-26604D4FD3AC}
		{3F51E4A4-FC93-48EA-983F-79A8CF5E49B0} = {3F51E4A4-FC93-48EA-983F-79A8CF5E49B0}
		{876AC0EB-D6C6-48EC-A6EF-CB99E94FC7FB} = {876AC0EB-D6C6-48EC-A6EF-CB99E94FC7FB}
		{8A401DFE-14C6-435F-A4CE-3BABD2CF8BE2} = {8A401DFE-14C6-435F-A4CE-3BABD2CF8BE2}
	EndProjectSection
EndProject
Project("{2150E333-8FDC-42A3-9474-1A3956D46DE8}") = "External", "External", "{EE8DBE7D-1C1F-4B50-80BA-B01501A3BF1A}"
EndProject
Project("{8BC9CEB8-8B4A-11D0-8D11-00A0C91BC942}") = "OpenGlExtensions", "Code\External\OpenGlExtensions\OpenGlExtensions.vcxproj", "{821E505C-B13B-4EA2-8FA3-DDEE6D2D5B1D}"
	ProjectSection(ProjectDependencies) = postProject
		{43657592-EB97-4A5E-A727-A9D4D9EC8E4D} = {43657592-EB97-4A5E-A727-A9D4D9EC8E4D}
		{D56A49FB-C803-4D7E-A037-7BFEF69CB329} = {D56A49FB-C803-4D7E-A037-7BFEF69CB329}
	EndProjectSection
EndProject
Project("{8BC9CEB8-8B4A-11D0-8D11-00A0C91BC942}") = "Time", "Code\Engine\Time\Time.vcxproj", "{F9C71CA5-AE92-4EF9-A46F-35E3B662F6BC}"
	ProjectSection(ProjectDependencies) = postProject
		{5E640B5D-294A-4795-BE3F-58076BD28B7B} = {5E640B5D-294A-4795-BE3F-58076BD28B7B}
		{43657592-EB97-4A5E-A727-A9D4D9EC8E4D} = {43657592-EB97-4A5E-A727-A9D4D9EC8E4D}
		{D56A49FB-C803-4D7E-A037-7BFEF69CB329} = {D56A49FB-C803-4D7E-A037-7BFEF69CB329}
	EndProjectSection
EndProject
Project("{8BC9CEB8-8B4A-11D0-8D11-00A0C91BC942}") = "Graphics", "Code\Engine\Graphics\Graphics.vcxproj", "{373C4C11-DCAE-4CE4-A06B-1EC8F7EE41C7}"
	ProjectSection(ProjectDependencies) = postProject
		{821E505C-B13B-4EA2-8FA3-DDEE6D2D5B1D} = {821E505C-B13B-4EA2-8FA3-DDEE6D2D5B1D}
		{5E640B5D-294A-4795-BE3F-58076BD28B7B} = {5E640B5D-294A-4795-BE3F-58076BD28B7B}
		{E9D5576F-C9BE-4A46-A25D-658FA2E99791} = {E9D5576F-C9BE-4A46-A25D-658FA2E99791}
		{43657592-EB97-4A5E-A727-A9D4D9EC8E4D} = {43657592-EB97-4A5E-A727-A9D4D9EC8E4D}
		{F9C71CA5-AE92-4EF9-A46F-35E3B662F6BC} = {F9C71CA5-AE92-4EF9-A46F-35E3B662F6BC}
		{48792CEB-F23F-4184-BB44-29A206D8CD05} = {48792CEB-F23F-4184-BB44-29A206D8CD05}
		{D56A49FB-C803-4D7E-A037-7BFEF69CB329} = {D56A49FB-C803-4D7E-A037-7BFEF69CB329}
	EndProjectSection
EndProject
Project("{8BC9CEB8-8B4A-11D0-8D11-00A0C91BC942}") = "Lua", "Code\External\Lua\Lua.vcxproj", "{15BD7CA1-A3A3-433D-A36E-12DE598B8194}"
EndProject
Project("{8BC9CEB8-8B4A-11D0-8D11-00A0C91BC942}") = "UserInput", "Code\Engine\UserInput\UserInput.vcxproj", "{865D6CD8-B399-4824-92BE-171BD9488873}"
	ProjectSection(ProjectDependencies) = postProject
		{D56A49FB-C803-4D7E-A037-7BFEF69CB329} = {D56A49FB-C803-4D7E-A037-7BFEF69CB329}
	EndProjectSection
EndProject
Project("{8BC9CEB8-8B4A-11D0-8D11-00A0C91BC942}") = "MayaMeshExporter", "Code\Tools\MayaMeshExporter\MayaMeshExporter.vcxproj", "{F4809017-D86E-4CB5-AC6C-8DA22FA39C39}"
EndProject
Project("{8BC9CEB8-8B4A-11D0-8D11-00A0C91BC942}") = "Mcpp", "Code\External\Mcpp\Mcpp.vcxproj", "{A85951B2-258B-431C-931E-209015247374}"
EndProject
Project("{8BC9CEB8-8B4A-11D0-8D11-00A0C91BC942}") = "MeshBuilder", "Code\Tools\MeshBuilder\MeshBuilder.vcxproj", "{9314206B-96F9-46EC-AB30-26604D4FD3AC}"
	ProjectSection(ProjectDependencies) = postProject
		{E9D5576F-C9BE-4A46-A25D-658FA2E99791} = {E9D5576F-C9BE-4A46-A25D-658FA2E99791}
		{40789A6F-3BFC-454D-B73D-9C5DEBB37D24} = {40789A6F-3BFC-454D-B73D-9C5DEBB37D24}
		{15BD7CA1-A3A3-433D-A36E-12DE598B8194} = {15BD7CA1-A3A3-433D-A36E-12DE598B8194}
		{48792CEB-F23F-4184-BB44-29A206D8CD05} = {48792CEB-F23F-4184-BB44-29A206D8CD05}
	EndProjectSection
EndProject
Project("{8BC9CEB8-8B4A-11D0-8D11-00A0C91BC942}") = "ShaderBuilder", "Code\Tools\ShaderBuilder\ShaderBuilder.vcxproj", "{876AC0EB-D6C6-48EC-A6EF-CB99E94FC7FB}"
	ProjectSection(ProjectDependencies) = postProject
		{821E505C-B13B-4EA2-8FA3-DDEE6D2D5B1D} = {821E505C-B13B-4EA2-8FA3-DDEE6D2D5B1D}
		{40789A6F-3BFC-454D-B73D-9C5DEBB37D24} = {40789A6F-3BFC-454D-B73D-9C5DEBB37D24}
		{43657592-EB97-4A5E-A727-A9D4D9EC8E4D} = {43657592-EB97-4A5E-A727-A9D4D9EC8E4D}
		{A85951B2-258B-431C-931E-209015247374} = {A85951B2-258B-431C-931E-209015247374}
		{48792CEB-F23F-4184-BB44-29A206D8CD05} = {48792CEB-F23F-4184-BB44-29A206D8CD05}
		{D56A49FB-C803-4D7E-A037-7BFEF69CB329} = {D56A49FB-C803-4D7E-A037-7BFEF69CB329}
	EndProjectSection
EndProject
Project("{8BC9CEB8-8B4A-11D0-8D11-00A0C91BC942}") = "Utility", "Code\Engine\Utility\Utility.vcxproj", "{E9D5576F-C9BE-4A46-A25D-658FA2E99791}"
EndProject
Project("{8BC9CEB8-8B4A-11D0-8D11-00A0C91BC942}") = "Entities", "Code\Engine\Entities\Entities.vcxproj", "{2A53B881-858E-43B3-809A-A8758459B068}"
EndProject
Project("{8BC9CEB8-8B4A-11D0-8D11-00A0C91BC942}") = "EffectBuilder", "Code\Tools\EffectBuilder\EffectBuilder.vcxproj", "{8A401DFE-14C6-435F-A4CE-3BABD2CF8BE2}"
	ProjectSection(ProjectDependencies) = postProject
		{40789A6F-3BFC-454D-B73D-9C5DEBB37D24} = {40789A6F-3BFC-454D-B73D-9C5DEBB37D24}
		{15BD7CA1-A3A3-433D-A36E-12DE598B8194} = {15BD7CA1-A3A3-433D-A36E-12DE598B8194}
	EndProjectSection
EndProject
Project("{8BC9CEB8-8B4A-11D0-8D11-00A0C91BC942}") = "MaterialBuilder", "Code\Tools\MaterialBuilder\MaterialBuilder.vcxproj", "{C444E93F-0077-44D7-8490-F442C397EB82}"
	ProjectSection(ProjectDependencies) = postProject
		{E9D5576F-C9BE-4A46-A25D-658FA2E99791} = {E9D5576F-C9BE-4A46-A25D-658FA2E99791}
		{40789A6F-3BFC-454D-B73D-9C5DEBB37D24} = {40789A6F-3BFC-454D-B73D-9C5DEBB37D24}
		{15BD7CA1-A3A3-433D-A36E-12DE598B8194} = {15BD7CA1-A3A3-433D-A36E-12DE598B8194}
	EndProjectSection
EndProject
Project("{8BC9CEB8-8B4A-11D0-8D11-00A0C91BC942}") = "TextureBuilder", "Code\Tools\TextureBuilder\TextureBuilder.vcxproj", "{3F51E4A4-FC93-48EA-983F-79A8CF5E49B0}"
	ProjectSection(ProjectDependencies) = postProject
		{373C4C11-DCAE-4CE4-A06B-1EC8F7EE41C7} = {373C4C11-DCAE-4CE4-A06B-1EC8F7EE41C7}
		{40789A6F-3BFC-454D-B73D-9C5DEBB37D24} = {40789A6F-3BFC-454D-B73D-9C5DEBB37D24}
		{11A2919E-11D2-45F8-89E1-4205623134E0} = {11A2919E-11D2-45F8-89E1-4205623134E0}
	EndProjectSection
EndProject
Project("{8BC9CEB8-8B4A-11D0-8D11-00A0C91BC942}") = "DirectXTex", "Code\External\DirectXTex\DirectXTex.vcxproj", "{11A2919E-11D2-45F8-89E1-4205623134E0}"
EndProject
Global
	GlobalSection(SolutionConfigurationPlatforms) = preSolution
		Debug|x64 = Debug|x64
		Debug|x86 = Debug|x86
		Release|x64 = Release|x64
		Release|x86 = Release|x86
	EndGlobalSection
	GlobalSection(ProjectConfigurationPlatforms) = postSolution
		{FA0FB4E2-DCCE-484C-9206-653823C8F8DA}.Debug|x64.ActiveCfg = Debug|x64
		{FA0FB4E2-DCCE-484C-9206-653823C8F8DA}.Debug|x64.Build.0 = Debug|x64
		{FA0FB4E2-DCCE-484C-9206-653823C8F8DA}.Debug|x86.ActiveCfg = Debug|Win32
		{FA0FB4E2-DCCE-484C-9206-653823C8F8DA}.Debug|x86.Build.0 = Debug|Win32
		{FA0FB4E2-DCCE-484C-9206-653823C8F8DA}.Release|x64.ActiveCfg = Release|x64
		{FA0FB4E2-DCCE-484C-9206-653823C8F8DA}.Release|x64.Build.0 = Release|x64
		{FA0FB4E2-DCCE-484C-9206-653823C8F8DA}.Release|x86.ActiveCfg = Release|Win32
		{FA0FB4E2-DCCE-484C-9206-653823C8F8DA}.Release|x86.Build.0 = Release|Win32
		{43657592-EB97-4A5E-A727-A9D4D9EC8E4D}.Debug|x64.ActiveCfg = Debug|x64
		{43657592-EB97-4A5E-A727-A9D4D9EC8E4D}.Debug|x64.Build.0 = Debug|x64
		{43657592-EB97-4A5E-A727-A9D4D9EC8E4D}.Debug|x86.ActiveCfg = Debug|Win32
		{43657592-EB97-4A5E-A727-A9D4D9EC8E4D}.Debug|x86.Build.0 = Debug|Win32
		{43657592-EB97-4A5E-A727-A9D4D9EC8E4D}.Release|x64.ActiveCfg = Release|x64
		{43657592-EB97-4A5E-A727-A9D4D9EC8E4D}.Release|x64.Build.0 = Release|x64
		{43657592-EB97-4A5E-A727-A9D4D9EC8E4D}.Release|x86.ActiveCfg = Release|Win32
		{43657592-EB97-4A5E-A727-A9D4D9EC8E4D}.Release|x86.Build.0 = Release|Win32
		{D56A49FB-C803-4D7E-A037-7BFEF69CB329}.Debug|x64.ActiveCfg = Debug|x64
		{D56A49FB-C803-4D7E-A037-7BFEF69CB329}.Debug|x64.Build.0 = Debug|x64
		{D56A49FB-C803-4D7E-A037-7BFEF69CB329}.Debug|x86.ActiveCfg = Debug|Win32
		{D56A49FB-C803-4D7E-A037-7BFEF69CB329}.Debug|x86.Build.0 = Debug|Win32
		{D56A49FB-C803-4D7E-A037-7BFEF69CB329}.Release|x64.ActiveCfg = Release|x64
		{D56A49FB-C803-4D7E-A037-7BFEF69CB329}.Release|x64.Build.0 = Release|x64
		{D56A49FB-C803-4D7E-A037-7BFEF69CB329}.Release|x86.ActiveCfg = Release|Win32
		{D56A49FB-C803-4D7E-A037-7BFEF69CB329}.Release|x86.Build.0 = Release|Win32
		{48792CEB-F23F-4184-BB44-29A206D8CD05}.Debug|x64.ActiveCfg = Debug|x64
		{48792CEB-F23F-4184-BB44-29A206D8CD05}.Debug|x64.Build.0 = Debug|x64
		{48792CEB-F23F-4184-BB44-29A206D8CD05}.Debug|x86.ActiveCfg = Debug|Win32
		{48792CEB-F23F-4184-BB44-29A206D8CD05}.Debug|x86.Build.0 = Debug|Win32
		{48792CEB-F23F-4184-BB44-29A206D8CD05}.Release|x64.ActiveCfg = Release|x64
		{48792CEB-F23F-4184-BB44-29A206D8CD05}.Release|x64.Build.0 = Release|x64
		{48792CEB-F23F-4184-BB44-29A206D8CD05}.Release|x86.ActiveCfg = Release|Win32
		{48792CEB-F23F-4184-BB44-29A206D8CD05}.Release|x86.Build.0 = Release|Win32
		{C073AA3C-C800-4495-9F92-C622FF2EA5E1}.Debug|x64.ActiveCfg = Debug|x64
		{C073AA3C-C800-4495-9F92-C622FF2EA5E1}.Debug|x64.Build.0 = Debug|x64
		{C073AA3C-C800-4495-9F92-C622FF2EA5E1}.Debug|x86.ActiveCfg = Debug|Win32
		{C073AA3C-C800-4495-9F92-C622FF2EA5E1}.Debug|x86.Build.0 = Debug|Win32
		{C073AA3C-C800-4495-9F92-C622FF2EA5E1}.Release|x64.ActiveCfg = Release|x64
		{C073AA3C-C800-4495-9F92-C622FF2EA5E1}.Release|x64.Build.0 = Release|x64
		{C073AA3C-C800-4495-9F92-C622FF2EA5E1}.Release|x86.ActiveCfg = Release|Win32
		{C073AA3C-C800-4495-9F92-C622FF2EA5E1}.Release|x86.Build.0 = Release|Win32
		{5E640B5D-294A-4795-BE3F-58076BD28B7B}.Debug|x64.ActiveCfg = Debug|x64
		{5E640B5D-294A-4795-BE3F-58076BD28B7B}.Debug|x64.Build.0 = Debug|x64
		{5E640B5D-294A-4795-BE3F-58076BD28B7B}.Debug|x86.ActiveCfg = Debug|Win32
		{5E640B5D-294A-4795-BE3F-58076BD28B7B}.Debug|x86.Build.0 = Debug|Win32
		{5E640B5D-294A-4795-BE3F-58076BD28B7B}.Release|x64.ActiveCfg = Release|x64
		{5E640B5D-294A-4795-BE3F-58076BD28B7B}.Release|x64.Build.0 = Release|x64
		{5E640B5D-294A-4795-BE3F-58076BD28B7B}.Release|x86.ActiveCfg = Release|Win32
		{5E640B5D-294A-4795-BE3F-58076BD28B7B}.Release|x86.Build.0 = Release|Win32
		{A5095433-A0C7-4205-AD5B-82A5C09DE805}.Debug|x64.ActiveCfg = Debug|x64
		{A5095433-A0C7-4205-AD5B-82A5C09DE805}.Debug|x64.Build.0 = Debug|x64
		{A5095433-A0C7-4205-AD5B-82A5C09DE805}.Debug|x86.ActiveCfg = Debug|Win32
		{A5095433-A0C7-4205-AD5B-82A5C09DE805}.Debug|x86.Build.0 = Debug|Win32
		{A5095433-A0C7-4205-AD5B-82A5C09DE805}.Release|x64.ActiveCfg = Release|x64
		{A5095433-A0C7-4205-AD5B-82A5C09DE805}.Release|x64.Build.0 = Release|x64
		{A5095433-A0C7-4205-AD5B-82A5C09DE805}.Release|x86.ActiveCfg = Release|Win32
		{A5095433-A0C7-4205-AD5B-82A5C09DE805}.Release|x86.Build.0 = Release|Win32
		{73516EE2-C331-4AD4-AF38-A51397C94E06}.Debug|x64.ActiveCfg = Debug|x64
		{73516EE2-C331-4AD4-AF38-A51397C94E06}.Debug|x64.Build.0 = Debug|x64
		{73516EE2-C331-4AD4-AF38-A51397C94E06}.Debug|x86.ActiveCfg = Debug|Win32
		{73516EE2-C331-4AD4-AF38-A51397C94E06}.Debug|x86.Build.0 = Debug|Win32
		{73516EE2-C331-4AD4-AF38-A51397C94E06}.Release|x64.ActiveCfg = Release|x64
		{73516EE2-C331-4AD4-AF38-A51397C94E06}.Release|x64.Build.0 = Release|x64
		{73516EE2-C331-4AD4-AF38-A51397C94E06}.Release|x86.ActiveCfg = Release|Win32
		{73516EE2-C331-4AD4-AF38-A51397C94E06}.Release|x86.Build.0 = Release|Win32
		{12CA8666-2127-476E-B536-CB51F8BB6FCE}.Debug|x64.ActiveCfg = Debug|x64
		{12CA8666-2127-476E-B536-CB51F8BB6FCE}.Debug|x64.Build.0 = Debug|x64
		{12CA8666-2127-476E-B536-CB51F8BB6FCE}.Debug|x86.ActiveCfg = Debug|Win32
		{12CA8666-2127-476E-B536-CB51F8BB6FCE}.Debug|x86.Build.0 = Debug|Win32
		{12CA8666-2127-476E-B536-CB51F8BB6FCE}.Release|x64.ActiveCfg = Release|x64
		{12CA8666-2127-476E-B536-CB51F8BB6FCE}.Release|x64.Build.0 = Release|x64
		{12CA8666-2127-476E-B536-CB51F8BB6FCE}.Release|x86.ActiveCfg = Release|Win32
		{12CA8666-2127-476E-B536-CB51F8BB6FCE}.Release|x86.Build.0 = Release|Win32
		{40789A6F-3BFC-454D-B73D-9C5DEBB37D24}.Debug|x64.ActiveCfg = Debug|x64
		{40789A6F-3BFC-454D-B73D-9C5DEBB37D24}.Debug|x64.Build.0 = Debug|x64
		{40789A6F-3BFC-454D-B73D-9C5DEBB37D24}.Debug|x86.ActiveCfg = Debug|Win32
		{40789A6F-3BFC-454D-B73D-9C5DEBB37D24}.Debug|x86.Build.0 = Debug|Win32
		{40789A6F-3BFC-454D-B73D-9C5DEBB37D24}.Release|x64.ActiveCfg = Release|x64
		{40789A6F-3BFC-454D-B73D-9C5DEBB37D24}.Release|x64.Build.0 = Release|x64
		{40789A6F-3BFC-454D-B73D-9C5DEBB37D24}.Release|x86.ActiveCfg = Release|Win32
		{40789A6F-3BFC-454D-B73D-9C5DEBB37D24}.Release|x86.Build.0 = Release|Win32
		{86E46A3C-608F-4DB3-B77B-B70A57B6A2E8}.Debug|x64.ActiveCfg = Debug|x64
		{86E46A3C-608F-4DB3-B77B-B70A57B6A2E8}.Debug|x64.Build.0 = Debug|x64
		{86E46A3C-608F-4DB3-B77B-B70A57B6A2E8}.Debug|x86.ActiveCfg = Debug|Win32
		{86E46A3C-608F-4DB3-B77B-B70A57B6A2E8}.Debug|x86.Build.0 = Debug|Win32
		{86E46A3C-608F-4DB3-B77B-B70A57B6A2E8}.Release|x64.ActiveCfg = Release|x64
		{86E46A3C-608F-4DB3-B77B-B70A57B6A2E8}.Release|x64.Build.0 = Release|x64
		{86E46A3C-608F-4DB3-B77B-B70A57B6A2E8}.Release|x86.ActiveCfg = Release|Win32
		{86E46A3C-608F-4DB3-B77B-B70A57B6A2E8}.Release|x86.Build.0 = Release|Win32
		{821E505C-B13B-4EA2-8FA3-DDEE6D2D5B1D}.Debug|x64.ActiveCfg = Debug|x64
		{821E505C-B13B-4EA2-8FA3-DDEE6D2D5B1D}.Debug|x86.ActiveCfg = Debug|Win32
		{821E505C-B13B-4EA2-8FA3-DDEE6D2D5B1D}.Debug|x86.Build.0 = Debug|Win32
		{821E505C-B13B-4EA2-8FA3-DDEE6D2D5B1D}.Release|x64.ActiveCfg = Release|x64
		{821E505C-B13B-4EA2-8FA3-DDEE6D2D5B1D}.Release|x86.ActiveCfg = Release|Win32
		{821E505C-B13B-4EA2-8FA3-DDEE6D2D5B1D}.Release|x86.Build.0 = Release|Win32
		{F9C71CA5-AE92-4EF9-A46F-35E3B662F6BC}.Debug|x64.ActiveCfg = Debug|x64
		{F9C71CA5-AE92-4EF9-A46F-35E3B662F6BC}.Debug|x64.Build.0 = Debug|x64
		{F9C71CA5-AE92-4EF9-A46F-35E3B662F6BC}.Debug|x86.ActiveCfg = Debug|Win32
		{F9C71CA5-AE92-4EF9-A46F-35E3B662F6BC}.Debug|x86.Build.0 = Debug|Win32
		{F9C71CA5-AE92-4EF9-A46F-35E3B662F6BC}.Release|x64.ActiveCfg = Release|x64
		{F9C71CA5-AE92-4EF9-A46F-35E3B662F6BC}.Release|x64.Build.0 = Release|x64
		{F9C71CA5-AE92-4EF9-A46F-35E3B662F6BC}.Release|x86.ActiveCfg = Release|Win32
		{F9C71CA5-AE92-4EF9-A46F-35E3B662F6BC}.Release|x86.Build.0 = Release|Win32
		{373C4C11-DCAE-4CE4-A06B-1EC8F7EE41C7}.Debug|x64.ActiveCfg = Debug|x64
		{373C4C11-DCAE-4CE4-A06B-1EC8F7EE41C7}.Debug|x64.Build.0 = Debug|x64
		{373C4C11-DCAE-4CE4-A06B-1EC8F7EE41C7}.Debug|x86.ActiveCfg = Debug|Win32
		{373C4C11-DCAE-4CE4-A06B-1EC8F7EE41C7}.Debug|x86.Build.0 = Debug|Win32
		{373C4C11-DCAE-4CE4-A06B-1EC8F7EE41C7}.Release|x64.ActiveCfg = Release|x64
		{373C4C11-DCAE-4CE4-A06B-1EC8F7EE41C7}.Release|x64.Build.0 = Release|x64
		{373C4C11-DCAE-4CE4-A06B-1EC8F7EE41C7}.Release|x86.ActiveCfg = Release|Win32
		{373C4C11-DCAE-4CE4-A06B-1EC8F7EE41C7}.Release|x86.Build.0 = Release|Win32
		{15BD7CA1-A3A3-433D-A36E-12DE598B8194}.Debug|x64.ActiveCfg = Debug|x64
		{15BD7CA1-A3A3-433D-A36E-12DE598B8194}.Debug|x64.Build.0 = Debug|x64
		{15BD7CA1-A3A3-433D-A36E-12DE598B8194}.Debug|x86.ActiveCfg = Debug|Win32
		{15BD7CA1-A3A3-433D-A36E-12DE598B8194}.Debug|x86.Build.0 = Debug|Win32
		{15BD7CA1-A3A3-433D-A36E-12DE598B8194}.Release|x64.ActiveCfg = Release|x64
		{15BD7CA1-A3A3-433D-A36E-12DE598B8194}.Release|x64.Build.0 = Release|x64
		{15BD7CA1-A3A3-433D-A36E-12DE598B8194}.Release|x86.ActiveCfg = Release|Win32
		{15BD7CA1-A3A3-433D-A36E-12DE598B8194}.Release|x86.Build.0 = Release|Win32
		{865D6CD8-B399-4824-92BE-171BD9488873}.Debug|x64.ActiveCfg = Debug|x64
		{865D6CD8-B399-4824-92BE-171BD9488873}.Debug|x64.Build.0 = Debug|x64
		{865D6CD8-B399-4824-92BE-171BD9488873}.Debug|x86.ActiveCfg = Debug|Win32
		{865D6CD8-B399-4824-92BE-171BD9488873}.Debug|x86.Build.0 = Debug|Win32
		{865D6CD8-B399-4824-92BE-171BD9488873}.Release|x64.ActiveCfg = Release|x64
		{865D6CD8-B399-4824-92BE-171BD9488873}.Release|x64.Build.0 = Release|x64
		{865D6CD8-B399-4824-92BE-171BD9488873}.Release|x86.ActiveCfg = Release|Win32
		{865D6CD8-B399-4824-92BE-171BD9488873}.Release|x86.Build.0 = Release|Win32
		{F4809017-D86E-4CB5-AC6C-8DA22FA39C39}.Debug|x64.ActiveCfg = Debug|x64
		{F4809017-D86E-4CB5-AC6C-8DA22FA39C39}.Debug|x64.Build.0 = Debug|x64
		{F4809017-D86E-4CB5-AC6C-8DA22FA39C39}.Debug|x86.ActiveCfg = Debug|x64
		{F4809017-D86E-4CB5-AC6C-8DA22FA39C39}.Debug|x86.Build.0 = Debug|x64
		{F4809017-D86E-4CB5-AC6C-8DA22FA39C39}.Release|x64.ActiveCfg = Release|x64
		{F4809017-D86E-4CB5-AC6C-8DA22FA39C39}.Release|x64.Build.0 = Release|x64
		{F4809017-D86E-4CB5-AC6C-8DA22FA39C39}.Release|x86.ActiveCfg = Release|x64
		{F4809017-D86E-4CB5-AC6C-8DA22FA39C39}.Release|x86.Build.0 = Release|x64
		{A85951B2-258B-431C-931E-209015247374}.Debug|x64.ActiveCfg = Debug|x64
		{A85951B2-258B-431C-931E-209015247374}.Debug|x64.Build.0 = Debug|x64
		{A85951B2-258B-431C-931E-209015247374}.Debug|x86.ActiveCfg = Debug|Win32
		{A85951B2-258B-431C-931E-209015247374}.Debug|x86.Build.0 = Debug|Win32
		{A85951B2-258B-431C-931E-209015247374}.Release|x64.ActiveCfg = Release|x64
		{A85951B2-258B-431C-931E-209015247374}.Release|x64.Build.0 = Release|x64
		{A85951B2-258B-431C-931E-209015247374}.Release|x86.ActiveCfg = Release|Win32
		{A85951B2-258B-431C-931E-209015247374}.Release|x86.Build.0 = Release|Win32
		{9314206B-96F9-46EC-AB30-26604D4FD3AC}.Debug|x64.ActiveCfg = Debug|x64
		{9314206B-96F9-46EC-AB30-26604D4FD3AC}.Debug|x64.Build.0 = Debug|x64
		{9314206B-96F9-46EC-AB30-26604D4FD3AC}.Debug|x86.ActiveCfg = Debug|Win32
		{9314206B-96F9-46EC-AB30-26604D4FD3AC}.Debug|x86.Build.0 = Debug|Win32
		{9314206B-96F9-46EC-AB30-26604D4FD3AC}.Release|x64.ActiveCfg = Release|x64
		{9314206B-96F9-46EC-AB30-26604D4FD3AC}.Release|x64.Build.0 = Release|x64
		{9314206B-96F9-46EC-AB30-26604D4FD3AC}.Release|x86.ActiveCfg = Release|Win32
		{9314206B-96F9-46EC-AB30-26604D4FD3AC}.Release|x86.Build.0 = Release|Win32
		{876AC0EB-D6C6-48EC-A6EF-CB99E94FC7FB}.Debug|x64.ActiveCfg = Debug|x64
		{876AC0EB-D6C6-48EC-A6EF-CB99E94FC7FB}.Debug|x64.Build.0 = Debug|x64
		{876AC0EB-D6C6-48EC-A6EF-CB99E94FC7FB}.Debug|x86.ActiveCfg = Debug|Win32
		{876AC0EB-D6C6-48EC-A6EF-CB99E94FC7FB}.Debug|x86.Build.0 = Debug|Win32
		{876AC0EB-D6C6-48EC-A6EF-CB99E94FC7FB}.Release|x64.ActiveCfg = Release|x64
		{876AC0EB-D6C6-48EC-A6EF-CB99E94FC7FB}.Release|x64.Build.0 = Release|x64
		{876AC0EB-D6C6-48EC-A6EF-CB99E94FC7FB}.Release|x86.ActiveCfg = Release|Win32
		{876AC0EB-D6C6-48EC-A6EF-CB99E94FC7FB}.Release|x86.Build.0 = Release|Win32
		{E9D5576F-C9BE-4A46-A25D-658FA2E99791}.Debug|x64.ActiveCfg = Debug|x64
		{E9D5576F-C9BE-4A46-A25D-658FA2E99791}.Debug|x64.Build.0 = Debug|x64
		{E9D5576F-C9BE-4A46-A25D-658FA2E99791}.Debug|x86.ActiveCfg = Debug|Win32
		{E9D5576F-C9BE-4A46-A25D-658FA2E99791}.Debug|x86.Build.0 = Debug|Win32
		{E9D5576F-C9BE-4A46-A25D-658FA2E99791}.Release|x64.ActiveCfg = Release|x64
		{E9D5576F-C9BE-4A46-A25D-658FA2E99791}.Release|x64.Build.0 = Release|x64
		{E9D5576F-C9BE-4A46-A25D-658FA2E99791}.Release|x86.ActiveCfg = Release|Win32
		{E9D5576F-C9BE-4A46-A25D-658FA2E99791}.Release|x86.Build.0 = Release|Win32
		{2A53B881-858E-43B3-809A-A8758459B068}.Debug|x64.ActiveCfg = Debug|x64
		{2A53B881-858E-43B3-809A-A8758459B068}.Debug|x64.Build.0 = Debug|x64
		{2A53B881-858E-43B3-809A-A8758459B068}.Debug|x86.ActiveCfg = Debug|Win32
		{2A53B881-858E-43B3-809A-A8758459B068}.Debug|x86.Build.0 = Debug|Win32
		{2A53B881-858E-43B3-809A-A8758459B068}.Release|x64.ActiveCfg = Release|x64
		{2A53B881-858E-43B3-809A-A8758459B068}.Release|x64.Build.0 = Release|x64
		{2A53B881-858E-43B3-809A-A8758459B068}.Release|x86.ActiveCfg = Release|Win32
		{2A53B881-858E-43B3-809A-A8758459B068}.Release|x86.Build.0 = Release|Win32
		{8A401DFE-14C6-435F-A4CE-3BABD2CF8BE2}.Debug|x64.ActiveCfg = Debug|x64
		{8A401DFE-14C6-435F-A4CE-3BABD2CF8BE2}.Debug|x64.Build.0 = Debug|x64
		{8A401DFE-14C6-435F-A4CE-3BABD2CF8BE2}.Debug|x86.ActiveCfg = Debug|Win32
		{8A401DFE-14C6-435F-A4CE-3BABD2CF8BE2}.Debug|x86.Build.0 = Debug|Win32
		{8A401DFE-14C6-435F-A4CE-3BABD2CF8BE2}.Release|x64.ActiveCfg = Release|x64
		{8A401DFE-14C6-435F-A4CE-3BABD2CF8BE2}.Release|x64.Build.0 = Release|x64
		{8A401DFE-14C6-435F-A4CE-3BABD2CF8BE2}.Release|x86.ActiveCfg = Release|Win32
		{8A401DFE-14C6-435F-A4CE-3BABD2CF8BE2}.Release|x86.Build.0 = Release|Win32
		{C444E93F-0077-44D7-8490-F442C397EB82}.Debug|x64.ActiveCfg = Debug|x64
		{C444E93F-0077-44D7-8490-F442C397EB82}.Debug|x64.Build.0 = Debug|x64
		{C444E93F-0077-44D7-8490-F442C397EB82}.Debug|x86.ActiveCfg = Debug|Win32
		{C444E93F-0077-44D7-8490-F442C397EB82}.Debug|x86.Build.0 = Debug|Win32
		{C444E93F-0077-44D7-8490-F442C397EB82}.Release|x64.ActiveCfg = Release|x64
		{C444E93F-0077-44D7-8490-F442C397EB82}.Release|x64.Build.0 = Release|x64
		{C444E93F-0077-44D7-8490-F442C397EB82}.Release|x86.ActiveCfg = Release|Win32
		{C444E93F-0077-44D7-8490-F442C397EB82}.Release|x86.Build.0 = Release|Win32
		{3F51E4A4-FC93-48EA-983F-79A8CF5E49B0}.Debug|x64.ActiveCfg = Debug|x64
		{3F51E4A4-FC93-48EA-983F-79A8CF5E49B0}.Debug|x64.Build.0 = Debug|x64
		{3F51E4A4-FC93-48EA-983F-79A8CF5E49B0}.Debug|x86.ActiveCfg = Debug|Win32
		{3F51E4A4-FC93-48EA-983F-79A8CF5E49B0}.Debug|x86.Build.0 = Debug|Win32
		{3F51E4A4-FC93-48EA-983F-79A8CF5E49B0}.Release|x64.ActiveCfg = Release|x64
		{3F51E4A4-FC93-48EA-983F-79A8CF5E49B0}.Release|x64.Build.0 = Release|x64
		{3F51E4A4-FC93-48EA-983F-79A8CF5E49B0}.Release|x86.ActiveCfg = Release|Win32
		{3F51E4A4-FC93-48EA-983F-79A8CF5E49B0}.Release|x86.Build.0 = Release|Win32
		{11A2919E-11D2-45F8-89E1-4205623134E0}.Debug|x64.ActiveCfg = Debug|x64
		{11A2919E-11D2-45F8-89E1-4205623134E0}.Debug|x64.Build.0 = Debug|x64
		{11A2919E-11D2-45F8-89E1-4205623134E0}.Debug|x86.ActiveCfg = Debug|Win32
		{11A2919E-11D2-45F8-89E1-4205623134E0}.Debug|x86.Build.0 = Debug|Win32
		{11A2919E-11D2-45F8-89E1-4205623134E0}.Release|x64.ActiveCfg = Release|x64
		{11A2919E-11D2-45F8-89E1-4205623134E0}.Release|x64.Build.0 = Release|x64
		{11A2919E-11D2-45F8-89E1-4205623134E0}.Release|x86.ActiveCfg = Release|Win32
		{11A2919E-11D2-45F8-89E1-4205623134E0}.Release|x86.Build.0 = Release|Win32
	EndGlobalSection
	GlobalSection(SolutionProperties) = preSolution
		HideSolutionNode = FALSE
	EndGlobalSection
	GlobalSection(NestedProjects) = preSolution
		{FA0FB4E2-DCCE-484C-9206-653823C8F8DA} = {92C21309-1E57-4965-A8EC-C4BE868DA1B6}
		{43657592-EB97-4A5E-A727-A9D4D9EC8E4D} = {4A442E18-2366-468E-ABC3-35DFA10ED6AF}
		{D56A49FB-C803-4D7E-A037-7BFEF69CB329} = {4A442E18-2366-468E-ABC3-35DFA10ED6AF}
		{48792CEB-F23F-4184-BB44-29A206D8CD05} = {4A442E18-2366-468E-ABC3-35DFA10ED6AF}
		{C073AA3C-C800-4495-9F92-C622FF2EA5E1} = {4A442E18-2366-468E-ABC3-35DFA10ED6AF}
		{5E640B5D-294A-4795-BE3F-58076BD28B7B} = {4A442E18-2366-468E-ABC3-35DFA10ED6AF}
		{A5095433-A0C7-4205-AD5B-82A5C09DE805} = {4A442E18-2366-468E-ABC3-35DFA10ED6AF}
		{73516EE2-C331-4AD4-AF38-A51397C94E06} = {4A442E18-2366-468E-ABC3-35DFA10ED6AF}
		{12CA8666-2127-476E-B536-CB51F8BB6FCE} = {2158CF78-B9A0-4AA8-9501-CA7ED75D0673}
		{40789A6F-3BFC-454D-B73D-9C5DEBB37D24} = {2158CF78-B9A0-4AA8-9501-CA7ED75D0673}
		{86E46A3C-608F-4DB3-B77B-B70A57B6A2E8} = {92C21309-1E57-4965-A8EC-C4BE868DA1B6}
		{821E505C-B13B-4EA2-8FA3-DDEE6D2D5B1D} = {EE8DBE7D-1C1F-4B50-80BA-B01501A3BF1A}
		{F9C71CA5-AE92-4EF9-A46F-35E3B662F6BC} = {4A442E18-2366-468E-ABC3-35DFA10ED6AF}
		{373C4C11-DCAE-4CE4-A06B-1EC8F7EE41C7} = {4A442E18-2366-468E-ABC3-35DFA10ED6AF}
		{15BD7CA1-A3A3-433D-A36E-12DE598B8194} = {EE8DBE7D-1C1F-4B50-80BA-B01501A3BF1A}
		{865D6CD8-B399-4824-92BE-171BD9488873} = {4A442E18-2366-468E-ABC3-35DFA10ED6AF}
		{F4809017-D86E-4CB5-AC6C-8DA22FA39C39} = {2158CF78-B9A0-4AA8-9501-CA7ED75D0673}
		{A85951B2-258B-431C-931E-209015247374} = {EE8DBE7D-1C1F-4B50-80BA-B01501A3BF1A}
		{9314206B-96F9-46EC-AB30-26604D4FD3AC} = {2158CF78-B9A0-4AA8-9501-CA7ED75D0673}
		{876AC0EB-D6C6-48EC-A6EF-CB99E94FC7FB} = {2158CF78-B9A0-4AA8-9501-CA7ED75D0673}
		{E9D5576F-C9BE-4A46-A25D-658FA2E99791} = {4A442E18-2366-468E-ABC3-35DFA10ED6AF}
		{2A53B881-858E-43B3-809A-A8758459B068} = {4A442E18-2366-468E-ABC3-35DFA10ED6AF}
		{8A401DFE-14C6-435F-A4CE-3BABD2CF8BE2} = {2158CF78-B9A0-4AA8-9501-CA7ED75D0673}
		{C444E93F-0077-44D7-8490-F442C397EB82} = {2158CF78-B9A0-4AA8-9501-CA7ED75D0673}
		{3F51E4A4-FC93-48EA-983F-79A8CF5E49B0} = {2158CF78-B9A0-4AA8-9501-CA7ED75D0673}
		{11A2919E-11D2-45F8-89E1-4205623134E0} = {EE8DBE7D-1C1F-4B50-80BA-B01501A3BF1A}
	EndGlobalSection
EndGlobal
