
Microsoft Visual Studio Solution File, Format Version 12.00
# Visual Studio 14
VisualStudioVersion = 14.0.24720.0
MinimumVisualStudioVersion = 10.0.40219.1
Project("{8BC9CEB8-8B4A-11D0-8D11-00A0C91BC942}") = "EngineDevBox", "EngineDevBox\EngineDevBox.vcxproj", "{926266A4-788C-4354-8FB2-E8A7EBD869DF}"
	ProjectSection(ProjectDependencies) = postProject
		{F11F13B5-A685-4A8E-9A85-B8B8BE87908B} = {F11F13B5-A685-4A8E-9A85-B8B8BE87908B}
	EndProjectSection
EndProject
Project("{8BC9CEB8-8B4A-11D0-8D11-00A0C91BC942}") = "GameEngine", "GameEngine\GameEngine.vcxproj", "{F11F13B5-A685-4A8E-9A85-B8B8BE87908B}"
EndProject
Global
	GlobalSection(SolutionConfigurationPlatforms) = preSolution
		Debug|x64 = Debug|x64
		Debug|x86 = Debug|x86
		Release|x64 = Release|x64
		Release|x86 = Release|x86
	EndGlobalSection
	GlobalSection(ProjectConfigurationPlatforms) = postSolution
		{926266A4-788C-4354-8FB2-E8A7EBD869DF}.Debug|x64.ActiveCfg = Debug|x64
		{926266A4-788C-4354-8FB2-E8A7EBD869DF}.Debug|x64.Build.0 = Debug|x64
		{926266A4-788C-4354-8FB2-E8A7EBD869DF}.Debug|x86.ActiveCfg = Debug|Win32
		{926266A4-788C-4354-8FB2-E8A7EBD869DF}.Debug|x86.Build.0 = Debug|Win32
		{926266A4-788C-4354-8FB2-E8A7EBD869DF}.Release|x64.ActiveCfg = Release|x64
		{926266A4-788C-4354-8FB2-E8A7EBD869DF}.Release|x64.Build.0 = Release|x64
		{926266A4-788C-4354-8FB2-E8A7EBD869DF}.Release|x86.ActiveCfg = Release|Win32
		{926266A4-788C-4354-8FB2-E8A7EBD869DF}.Release|x86.Build.0 = Release|Win32
		{F11F13B5-A685-4A8E-9A85-B8B8BE87908B}.Debug|x64.ActiveCfg = Debug|x64
		{F11F13B5-A685-4A8E-9A85-B8B8BE87908B}.Debug|x64.Build.0 = Debug|x64
		{F11F13B5-A685-4A8E-9A85-B8B8BE87908B}.Debug|x86.ActiveCfg = Debug|Win32
		{F11F13B5-A685-4A8E-9A85-B8B8BE87908B}.Debug|x86.Build.0 = Debug|Win32
		{F11F13B5-A685-4A8E-9A85-B8B8BE87908B}.Release|x64.ActiveCfg = Release|x64
		{F11F13B5-A685-4A8E-9A85-B8B8BE87908B}.Release|x64.Build.0 = Release|x64
		{F11F13B5-A685-4A8E-9A85-B8B8BE87908B}.Release|x86.ActiveCfg = Release|Win32
		{F11F13B5-A685-4A8E-9A85-B8B8BE87908B}.Release|x86.Build.0 = Release|Win32
	EndGlobalSection
	GlobalSection(SolutionProperties) = preSolution
		HideSolutionNode = FALSE
	EndGlobalSection
EndGlobal
